
Microsoft Visual Studio Solution File, Format Version 12.00
# Visual Studio 15
VisualStudioVersion = 15.0.28010.2046
MinimumVisualStudioVersion = 10.0.40219.1
Project("{FAE04EC0-301F-11D3-BF4B-00C04F79EFBC}") = "Base64_enc", "Base64_enc\Base64_enc.csproj", "{6816D8BA-84E7-425C-96D6-049ACB033263}"
EndProject
Global
	GlobalSection(SolutionConfigurationPlatforms) = preSolution
		Debug|Any CPU = Debug|Any CPU
		Release|Any CPU = Release|Any CPU
	EndGlobalSection
	GlobalSection(ProjectConfigurationPlatforms) = postSolution
		{6816D8BA-84E7-425C-96D6-049ACB033263}.Debug|Any CPU.ActiveCfg = Debug|Any CPU
		{6816D8BA-84E7-425C-96D6-049ACB033263}.Debug|Any CPU.Build.0 = Debug|Any CPU
		{6816D8BA-84E7-425C-96D6-049ACB033263}.Release|Any CPU.ActiveCfg = Release|Any CPU
		{6816D8BA-84E7-425C-96D6-049ACB033263}.Release|Any CPU.Build.0 = Release|Any CPU
	EndGlobalSection
	GlobalSection(SolutionProperties) = preSolution
		HideSolutionNode = FALSE
	EndGlobalSection
	GlobalSection(ExtensibilityGlobals) = postSolution
		SolutionGuid = {0735DF7C-730A-4E03-9FC6-155B321F1B82}
	EndGlobalSection
EndGlobal
